# This is a Gradle generated file for dependency locking.
# Manual edits can break the build and are not advised.
# This file is expected to be part of source control.
ch.qos.logback:logback-classic:1.2.3
ch.qos.logback:logback-core:1.2.3
org.controlsfx:controlsfx:9.0.0
org.openjfx:javafx-base:11.0.1
org.openjfx:javafx-controls:11.0.1
org.openjfx:javafx-fxml:11.0.1
org.openjfx:javafx-graphics:11.0.1
org.slf4j:slf4j-api:1.7.25
org.threeten:threeten-extra:1.4
