# This is a Gradle generated file for dependency locking.
# Manual edits can break the build and are not advised.
# This file is expected to be part of source control.
com.github.spotbugs:spotbugs-annotations:3.1.10
com.github.spotbugs:spotbugs:3.1.10
com.google.code.findbugs:jsr305:3.0.2
commons-lang:commons-lang:2.6
jaxen:jaxen:1.1.6
net.jcip:jcip-annotations:1.0
org.apache.bcel:bcel:6.2
org.dom4j:dom4j:2.1.0
org.ow2.asm:asm-analysis:7.0
org.ow2.asm:asm-commons:7.0
org.ow2.asm:asm-tree:7.0
org.ow2.asm:asm-util:7.0
org.ow2.asm:asm:7.0
